// !$*UTF8*$!
{
	archiveVersion = 1;
	classes = {
	};
	objectVersion = 46;
	objects = {

/* Begin PBXBuildFile section */
		711891A11CEB59630055EE8D /* AppDelegate.swift in Sources */ = {isa = PBXBuildFile; fileRef = 711891A01CEB59630055EE8D /* AppDelegate.swift */; };
		711891A31CEB59630055EE8D /* ViewController.swift in Sources */ = {isa = PBXBuildFile; fileRef = 711891A21CEB59630055EE8D /* ViewController.swift */; };
		711891A61CEB59630055EE8D /* Main.storyboard in Resources */ = {isa = PBXBuildFile; fileRef = 711891A41CEB59630055EE8D /* Main.storyboard */; };
		711891A91CEB59630055EE8D /* FavesMoives.xcdatamodeld in Sources */ = {isa = PBXBuildFile; fileRef = 711891A71CEB59630055EE8D /* FavesMoives.xcdatamodeld */; };
		711891AB1CEB59630055EE8D /* Assets.xcassets in Resources */ = {isa = PBXBuildFile; fileRef = 711891AA1CEB59630055EE8D /* Assets.xcassets */; };
		711891AE1CEB59630055EE8D /* LaunchScreen.storyboard in Resources */ = {isa = PBXBuildFile; fileRef = 711891AC1CEB59630055EE8D /* LaunchScreen.storyboard */; };
/* End PBXBuildFile section */

/* Begin PBXFileReference section */
		7118919D1CEB59630055EE8D /* FavesMoives.app */ = {isa = PBXFileReference; explicitFileType = wrapper.application; includeInIndex = 0; path = FavesMoives.app; sourceTree = BUILT_PRODUCTS_DIR; };
		711891A01CEB59630055EE8D /* AppDelegate.swift */ = {isa = PBXFileReference; lastKnownFileType = sourcecode.swift; path = AppDelegate.swift; sourceTree = "<group>"; };
		711891A21CEB59630055EE8D /* ViewController.swift */ = {isa = PBXFileReference; lastKnownFileType = sourcecode.swift; path = ViewController.swift; sourceTree = "<group>"; };
		711891A51CEB59630055EE8D /* Base */ = {isa = PBXFileReference; lastKnownFileType = file.storyboard; name = Base; path = Base.lproj/Main.storyboard; sourceTree = "<group>"; };
		711891A81CEB59630055EE8D /* FavesMoives.xcdatamodel */ = {isa = PBXFileReference; lastKnownFileType = wrapper.xcdatamodel; path = FavesMoives.xcdatamodel; sourceTree = "<group>"; };
		711891AA1CEB59630055EE8D /* Assets.xcassets */ = {isa = PBXFileReference; lastKnownFileType = folder.assetcatalog; path = Assets.xcassets; sourceTree = "<group>"; };
		711891AD1CEB59630055EE8D /* Base */ = {isa = PBXFileReference; lastKnownFileType = file.storyboard; name = Base; path = Base.lproj/LaunchScreen.storyboard; sourceTree = "<group>"; };
		711891AF1CEB59630055EE8D /* Info.plist */ = {isa = PBXFileReference; lastKnownFileType = text.plist.xml; path = Info.plist; sourceTree = "<group>"; };
/* End PBXFileReference section */

/* Begin PBXFrameworksBuildPhase section */
		7118919A1CEB59630055EE8D /* Frameworks */ = {
			isa = PBXFrameworksBuildPhase;
			buildActionMask = 2147483647;
			files = (
			);
			runOnlyForDeploymentPostprocessing = 0;
		};
/* End PBXFrameworksBuildPhase section */

/* Begin PBXGroup section */
		711891941CEB59630055EE8D = {
			isa = PBXGroup;
			children = (
				7118919F1CEB59630055EE8D /* FavesMoives */,
				7118919E1CEB59630055EE8D /* Products */,
			);
			sourceTree = "<group>";
		};
		7118919E1CEB59630055EE8D /* Products */ = {
			isa = PBXGroup;
			children = (
				7118919D1CEB59630055EE8D /* FavesMoives.app */,
			);
			name = Products;
			sourceTree = "<group>";
		};
		7118919F1CEB59630055EE8D /* FavesMoives */ = {
			isa = PBXGroup;
			children = (
				711891A01CEB59630055EE8D /* AppDelegate.swift */,
				711891A21CEB59630055EE8D /* ViewController.swift */,
				711891A41CEB59630055EE8D /* Main.storyboard */,
				711891AA1CEB59630055EE8D /* Assets.xcassets */,
				711891AC1CEB59630055EE8D /* LaunchScreen.storyboard */,
				711891AF1CEB59630055EE8D /* Info.plist */,
				711891A71CEB59630055EE8D /* FavesMoives.xcdatamodeld */,
			);
			path = FavesMoives;
			sourceTree = "<group>";
		};
/* End PBXGroup section */

/* Begin PBXNativeTarget section */
		7118919C1CEB59630055EE8D /* FavesMoives */ = {
			isa = PBXNativeTarget;
			buildConfigurationList = 711891B21CEB59630055EE8D /* Build configuration list for PBXNativeTarget "FavesMoives" */;
			buildPhases = (
				711891991CEB59630055EE8D /* Sources */,
				7118919A1CEB59630055EE8D /* Frameworks */,
				7118919B1CEB59630055EE8D /* Resources */,
			);
			buildRules = (
			);
			dependencies = (
			);
			name = FavesMoives;
			productName = FavesMoives;
			productReference = 7118919D1CEB59630055EE8D /* FavesMoives.app */;
			productType = "com.apple.product-type.application";
		};
/* End PBXNativeTarget section */

/* Begin PBXProject section */
		711891951CEB59630055EE8D /* Project object */ = {
			isa = PBXProject;
			attributes = {
				LastSwiftUpdateCheck = 0720;
				LastUpgradeCheck = 0720;
				ORGANIZATIONNAME = MichaelH;
				TargetAttributes = {
					7118919C1CEB59630055EE8D = {
						CreatedOnToolsVersion = 7.2;
					};
				};
			};
			buildConfigurationList = 711891981CEB59630055EE8D /* Build configuration list for PBXProject "FavesMoives" */;
			compatibilityVersion = "Xcode 3.2";
			developmentRegion = English;
			hasScannedForEncodings = 0;
			knownRegions = (
				en,
				Base,
			);
			mainGroup = 711891941CEB59630055EE8D;
			productRefGroup = 7118919E1CEB59630055EE8D /* Products */;
			projectDirPath = "";
			projectRoot = "";
			targets = (
				7118919C1CEB59630055EE8D /* FavesMoives */,
			);
		};
/* End PBXProject section */

/* Begin PBXResourcesBuildPhase section */
		7118919B1CEB59630055EE8D /* Resources */ = {
			isa = PBXResourcesBuildPhase;
			buildActionMask = 2147483647;
			files = (
				711891AE1CEB59630055EE8D /* LaunchScreen.storyboard in Resources */,
				711891AB1CEB59630055EE8D /* Assets.xcassets in Resources */,
				711891A61CEB59630055EE8D /* Main.storyboard in Resources */,
			);
			runOnlyForDeploymentPostprocessing = 0;
		};
/* End PBXResourcesBuildPhase section */

/* Begin PBXSourcesBuildPhase section */
		711891991CEB59630055EE8D /* Sources */ = {
			isa = PBXSourcesBuildPhase;
			buildActionMask = 2147483647;
			files = (
				711891A31CEB59630055EE8D /* ViewController.swift in Sources */,
				711891A11CEB59630055EE8D /* AppDelegate.swift in Sources */,
				711891A91CEB59630055EE8D /* FavesMoives.xcdatamodeld in Sources */,
			);
			runOnlyForDeploymentPostprocessing = 0;
		};
/* End PBXSourcesBuildPhase section */

/* Begin PBXVariantGroup section */
		711891A41CEB59630055EE8D /* Main.storyboard */ = {
			isa = PBXVariantGroup;
			children = (
				711891A51CEB59630055EE8D /* Base */,
			);
			name = Main.storyboard;
			sourceTree = "<group>";
		};
		711891AC1CEB59630055EE8D /* LaunchScreen.storyboard */ = {
			isa = PBXVariantGroup;
			children = (
				711891AD1CEB59630055EE8D /* Base */,
			);
			name = LaunchScreen.storyboard;
			sourceTree = "<group>";
		};
/* End PBXVariantGroup section */

/* Begin XCBuildConfiguration section */
		711891B01CEB59630055EE8D /* Debug */ = {
			isa = XCBuildConfiguration;
			buildSettings = {
				ALWAYS_SEARCH_USER_PATHS = NO;
				CLANG_CXX_LANGUAGE_STANDARD = "gnu++0x";
				CLANG_CXX_LIBRARY = "libc++";
				CLANG_ENABLE_MODULES = YES;
				CLANG_ENABLE_OBJC_ARC = YES;
				CLANG_WARN_BOOL_CONVERSION = YES;
				CLANG_WARN_CONSTANT_CONVERSION = YES;
				CLANG_WARN_DIRECT_OBJC_ISA_USAGE = YES_ERROR;
				CLANG_WARN_EMPTY_BODY = YES;
				CLANG_WARN_ENUM_CONVERSION = YES;
				CLANG_WARN_INT_CONVERSION = YES;
				CLANG_WARN_OBJC_ROOT_CLASS = YES_ERROR;
				CLANG_WARN_UNREACHABLE_CODE = YES;
				CLANG_WARN__DUPLICATE_METHOD_MATCH = YES;
				"CODE_SIGN_IDENTITY[sdk=iphoneos*]" = "iPhone Developer";
				COPY_PHASE_STRIP = NO;
				DEBUG_INFORMATION_FORMAT = dwarf;
				ENABLE_STRICT_OBJC_MSGSEND = YES;
				ENABLE_TESTABILITY = YES;
				GCC_C_LANGUAGE_STANDARD = gnu99;
				GCC_DYNAMIC_NO_PIC = NO;
				GCC_NO_COMMON_BLOCKS = YES;
				GCC_OPTIMIZATION_LEVEL = 0;
				GCC_PREPROCESSOR_DEFINITIONS = (
					"DEBUG=1",
					"$(inherited)",
				);
				GCC_WARN_64_TO_32_BIT_CONVERSION = YES;
				GCC_WARN_ABOUT_RETURN_TYPE = YES_ERROR;
				GCC_WARN_UNDECLARED_SELECTOR = YES;
				GCC_WARN_UNINITIALIZED_AUTOS = YES_AGGRESSIVE;
				GCC_WARN_UNUSED_FUNCTION = YES;
				GCC_WARN_UNUSED_VARIABLE = YES;
				IPHONEOS_DEPLOYMENT_TARGET = 9.2;
				MTL_ENABLE_DEBUG_INFO = YES;
				ONLY_ACTIVE_ARCH = YES;
				SDKROOT = iphoneos;
				SWIFT_OPTIMIZATION_LEVEL = "-Onone";
				TARGETED_DEVICE_FAMILY = "1,2";
			};
			name = Debug;
		};
		711891B11CEB59630055EE8D /* Release */ = {
			isa = XCBuildConfiguration;
			buildSettings = {
				ALWAYS_SEARCH_USER_PATHS = NO;
				CLANG_CXX_LANGUAGE_STANDARD = "gnu++0x";
				CLANG_CXX_LIBRARY = "libc++";
				CLANG_ENABLE_MODULES = YES;
				CLANG_ENABLE_OBJC_ARC = YES;
				CLANG_WARN_BOOL_CONVERSION = YES;
				CLANG_WARN_CONSTANT_CONVERSION = YES;
				CLANG_WARN_DIRECT_OBJC_ISA_USAGE = YES_ERROR;
				CLANG_WARN_EMPTY_BODY = YES;
				CLANG_WARN_ENUM_CONVERSION = YES;
				CLANG_WARN_INT_CONVERSION = YES;
				CLANG_WARN_OBJC_ROOT_CLASS = YES_ERROR;
				CLANG_WARN_UNREACHABLE_CODE = YES;
				CLANG_WARN__DUPLICATE_METHOD_MATCH = YES;
				"CODE_SIGN_IDENTITY[sdk=iphoneos*]" = "iPhone Developer";
				COPY_PHASE_STRIP = NO;
				DEBUG_INFORMATION_FORMAT = "dwarf-with-dsym";
				ENABLE_NS_ASSERTIONS = NO;
				ENABLE_STRICT_OBJC_MSGSEND = YES;
				GCC_C_LANGUAGE_STANDARD = gnu99;
				GCC_NO_COMMON_BLOCKS = YES;
				GCC_WARN_64_TO_32_BIT_CONVERSION = YES;
				GCC_WARN_ABOUT_RETURN_TYPE = YES_ERROR;
				GCC_WARN_UNDECLARED_SELECTOR = YES;
				GCC_WARN_UNINITIALIZED_AUTOS = YES_AGGRESSIVE;
				GCC_WARN_UNUSED_FUNCTION = YES;
				GCC_WARN_UNUSED_VARIABLE = YES;
				IPHONEOS_DEPLOYMENT_TARGET = 9.2;
				MTL_ENABLE_DEBUG_INFO = NO;
				SDKROOT = iphoneos;
				TARGETED_DEVICE_FAMILY = "1,2";
				VALIDATE_PRODUCT = YES;
			};
			name = Release;
		};
		711891B31CEB59630055EE8D /* Debug */ = {
			isa = XCBuildConfiguration;
			buildSettings = {
				ASSETCATALOG_COMPILER_APPICON_NAME = AppIcon;
				INFOPLIST_FILE = FavesMoives/Info.plist;
				LD_RUNPATH_SEARCH_PATHS = "$(inherited) @executable_path/Frameworks";
				PRODUCT_BUNDLE_IDENTIFIER = mh.FavesMoives;
				PRODUCT_NAME = "$(TARGET_NAME)";
			};
			name = Debug;
		};
		711891B41CEB59630055EE8D /* Release */ = {
			isa = XCBuildConfiguration;
			buildSettings = {
				ASSETCATALOG_COMPILER_APPICON_NAME = AppIcon;
				INFOPLIST_FILE = FavesMoives/Info.plist;
				LD_RUNPATH_SEARCH_PATHS = "$(inherited) @executable_path/Frameworks";
				PRODUCT_BUNDLE_IDENTIFIER = mh.FavesMoives;
				PRODUCT_NAME = "$(TARGET_NAME)";
			};
			name = Release;
		};
/* End XCBuildConfiguration section */

/* Begin XCConfigurationList section */
		711891981CEB59630055EE8D /* Build configuration list for PBXProject "FavesMoives" */ = {
			isa = XCConfigurationList;
			buildConfigurations = (
				711891B01CEB59630055EE8D /* Debug */,
				711891B11CEB59630055EE8D /* Release */,
			);
			defaultConfigurationIsVisible = 0;
			defaultConfigurationName = Release;
		};
		711891B21CEB59630055EE8D /* Build configuration list for PBXNativeTarget "FavesMoives" */ = {
			isa = XCConfigurationList;
			buildConfigurations = (
				711891B31CEB59630055EE8D /* Debug */,
				711891B41CEB59630055EE8D /* Release */,
			);
			defaultConfigurationIsVisible = 0;
		};
/* End XCConfigurationList section */

/* Begin XCVersionGroup section */
		711891A71CEB59630055EE8D /* FavesMoives.xcdatamodeld */ = {
			isa = XCVersionGroup;
			children = (
				711891A81CEB59630055EE8D /* FavesMoives.xcdatamodel */,
			);
			currentVersion = 711891A81CEB59630055EE8D /* FavesMoives.xcdatamodel */;
			path = FavesMoives.xcdatamodeld;
			sourceTree = "<group>";
			versionGroupType = wrapper.xcdatamodel;
		};
/* End XCVersionGroup section */
	};
	rootObject = 711891951CEB59630055EE8D /* Project object */;
}
